
Microsoft Visual Studio Solution File, Format Version 12.00
# Visual Studio 15
VisualStudioVersion = 15.0.26124.0
MinimumVisualStudioVersion = 15.0.26124.0
Project("{9A19103F-16F7-4668-BE54-9A1E7A4F7556}") = "Consoler", "Consoler\Consoler.csproj", "{2DAC3F88-44AA-4443-8418-47C604A71FF6}"
EndProject
Project("{9A19103F-16F7-4668-BE54-9A1E7A4F7556}") = "Tester", "Tester\Tester.csproj", "{6F466D0D-EDE6-4E2A-BDC8-6DCDD9B14041}"
EndProject
Global
	GlobalSection(SolutionConfigurationPlatforms) = preSolution
		Debug|Any CPU = Debug|Any CPU
		Debug|x64 = Debug|x64
		Debug|x86 = Debug|x86
		Release|Any CPU = Release|Any CPU
		Release|x64 = Release|x64
		Release|x86 = Release|x86
	EndGlobalSection
	GlobalSection(ProjectConfigurationPlatforms) = postSolution
		{2DAC3F88-44AA-4443-8418-47C604A71FF6}.Debug|Any CPU.ActiveCfg = Debug|Any CPU
		{2DAC3F88-44AA-4443-8418-47C604A71FF6}.Debug|Any CPU.Build.0 = Debug|Any CPU
		{2DAC3F88-44AA-4443-8418-47C604A71FF6}.Debug|x64.ActiveCfg = Debug|Any CPU
		{2DAC3F88-44AA-4443-8418-47C604A71FF6}.Debug|x64.Build.0 = Debug|Any CPU
		{2DAC3F88-44AA-4443-8418-47C604A71FF6}.Debug|x86.ActiveCfg = Debug|Any CPU
		{2DAC3F88-44AA-4443-8418-47C604A71FF6}.Debug|x86.Build.0 = Debug|Any CPU
		{2DAC3F88-44AA-4443-8418-47C604A71FF6}.Release|Any CPU.ActiveCfg = Release|Any CPU
		{2DAC3F88-44AA-4443-8418-47C604A71FF6}.Release|Any CPU.Build.0 = Release|Any CPU
		{2DAC3F88-44AA-4443-8418-47C604A71FF6}.Release|x64.ActiveCfg = Release|Any CPU
		{2DAC3F88-44AA-4443-8418-47C604A71FF6}.Release|x64.Build.0 = Release|Any CPU
		{2DAC3F88-44AA-4443-8418-47C604A71FF6}.Release|x86.ActiveCfg = Release|Any CPU
		{2DAC3F88-44AA-4443-8418-47C604A71FF6}.Release|x86.Build.0 = Release|Any CPU
		{6F466D0D-EDE6-4E2A-BDC8-6DCDD9B14041}.Debug|Any CPU.ActiveCfg = Debug|Any CPU
		{6F466D0D-EDE6-4E2A-BDC8-6DCDD9B14041}.Debug|Any CPU.Build.0 = Debug|Any CPU
		{6F466D0D-EDE6-4E2A-BDC8-6DCDD9B14041}.Debug|x64.ActiveCfg = Debug|Any CPU
		{6F466D0D-EDE6-4E2A-BDC8-6DCDD9B14041}.Debug|x64.Build.0 = Debug|Any CPU
		{6F466D0D-EDE6-4E2A-BDC8-6DCDD9B14041}.Debug|x86.ActiveCfg = Debug|Any CPU
		{6F466D0D-EDE6-4E2A-BDC8-6DCDD9B14041}.Debug|x86.Build.0 = Debug|Any CPU
		{6F466D0D-EDE6-4E2A-BDC8-6DCDD9B14041}.Release|Any CPU.ActiveCfg = Release|Any CPU
		{6F466D0D-EDE6-4E2A-BDC8-6DCDD9B14041}.Release|Any CPU.Build.0 = Release|Any CPU
		{6F466D0D-EDE6-4E2A-BDC8-6DCDD9B14041}.Release|x64.ActiveCfg = Release|Any CPU
		{6F466D0D-EDE6-4E2A-BDC8-6DCDD9B14041}.Release|x64.Build.0 = Release|Any CPU
		{6F466D0D-EDE6-4E2A-BDC8-6DCDD9B14041}.Release|x86.ActiveCfg = Release|Any CPU
		{6F466D0D-EDE6-4E2A-BDC8-6DCDD9B14041}.Release|x86.Build.0 = Release|Any CPU
	EndGlobalSection
	GlobalSection(SolutionProperties) = preSolution
		HideSolutionNode = FALSE
	EndGlobalSection
	GlobalSection(ExtensibilityGlobals) = postSolution
		SolutionGuid = {F3A9BEF4-2793-4830-8175-E6AAA53F3B60}
	EndGlobalSection
EndGlobal
